{
  "name": "career-dev-agent",
  "version": "0.1.0",
  "lockfileVersion": 3,
  "requires": true,
  "packages": {
    "": {
      "name": "career-dev-agent",
      "version": "0.1.0",
      "dependencies": {
        "openai": "^6.34.0"
      },
      "bin": {
        "career-dev-agent": "bin/career-dev-agent.js"
      },
      "engines": {
        "node": ">=20"
      }
    },
    "node_modules/openai": {
      "version": "6.34.0",
      "resolved": "https://registry.npmjs.org/openai/-/openai-6.34.0.tgz",
      "integrity": "sha512-yEr2jdGf4tVFYG6ohmr3pF6VJuveP0EA/sS8TBx+4Eq5NT10alu5zg2dmxMXMgqpihRDQlFGpRt2XwsGj+Fyxw==",
      "license": "Apache-2.0",
      "bin": {
        "openai": "bin/cli"
      },
      "peerDependencies": {
        "ws": "^8.18.0",
        "zod": "^3.25 || ^4.0"
      },
      "peerDependenciesMeta": {
        "ws": {
          "optional": true
        },
        "zod": {
          "optional": true
        }
      }
    }
  }
}
